// !$*UTF8*$!
{
	archiveVersion = 1;
	classes = {
	};
	objectVersion = 46;
	objects = {

/* Begin PBXBuildFile section */
		42D0BF081E63D9EF0059F57B /* main.m in Sources */ = {isa = PBXBuildFile; fileRef = 42D0BF071E63D9EF0059F57B /* main.m */; };
		42D0BF0B1E63D9EF0059F57B /* AppDelegate.m in Sources */ = {isa = PBXBuildFile; fileRef = 42D0BF0A1E63D9EF0059F57B /* AppDelegate.m */; };
		42D0BF111E63D9EF0059F57B /* Main.storyboard in Resources */ = {isa = PBXBuildFile; fileRef = 42D0BF0F1E63D9EF0059F57B /* Main.storyboard */; };
		42D0BF131E63D9EF0059F57B /* Assets.xcassets in Resources */ = {isa = PBXBuildFile; fileRef = 42D0BF121E63D9EF0059F57B /* Assets.xcassets */; };
		42D0BF161E63D9EF0059F57B /* LaunchScreen.storyboard in Resources */ = {isa = PBXBuildFile; fileRef = 42D0BF141E63D9EF0059F57B /* LaunchScreen.storyboard */; };
		42D0BF211E63D9EF0059F57B /* JLBlurImageTests.m in Sources */ = {isa = PBXBuildFile; fileRef = 42D0BF201E63D9EF0059F57B /* JLBlurImageTests.m */; };
		42D0BF2C1E63D9EF0059F57B /* JLBlurImageUITests.m in Sources */ = {isa = PBXBuildFile; fileRef = 42D0BF2B1E63D9EF0059F57B /* JLBlurImageUITests.m */; };
		42D0BF3B1E63DA090059F57B /* ViewController.m in Sources */ = {isa = PBXBuildFile; fileRef = 42D0BF3A1E63DA090059F57B /* ViewController.m */; };
		42D0BF3D1E63DA650059F57B /* Aktun.jpg in Resources */ = {isa = PBXBuildFile; fileRef = 42D0BF3C1E63DA650059F57B /* Aktun.jpg */; };
/* End PBXBuildFile section */

/* Begin PBXContainerItemProxy section */
		42D0BF1D1E63D9EF0059F57B /* PBXContainerItemProxy */ = {
			isa = PBXContainerItemProxy;
			containerPortal = 42D0BEFB1E63D9EF0059F57B /* Project object */;
			proxyType = 1;
			remoteGlobalIDString = 42D0BF021E63D9EF0059F57B;
			remoteInfo = JLBlurImage;
		};
		42D0BF281E63D9EF0059F57B /* PBXContainerItemProxy */ = {
			isa = PBXContainerItemProxy;
			containerPortal = 42D0BEFB1E63D9EF0059F57B /* Project object */;
			proxyType = 1;
			remoteGlobalIDString = 42D0BF021E63D9EF0059F57B;
			remoteInfo = JLBlurImage;
		};
/* End PBXContainerItemProxy section */

/* Begin PBXFileReference section */
		42D0BF031E63D9EF0059F57B /* JLBlurImage.app */ = {isa = PBXFileReference; explicitFileType = wrapper.application; includeInIndex = 0; path = JLBlurImage.app; sourceTree = BUILT_PRODUCTS_DIR; };
		42D0BF071E63D9EF0059F57B /* main.m */ = {isa = PBXFileReference; lastKnownFileType = sourcecode.c.objc; path = main.m; sourceTree = "<group>"; };
		42D0BF091E63D9EF0059F57B /* AppDelegate.h */ = {isa = PBXFileReference; lastKnownFileType = sourcecode.c.h; path = AppDelegate.h; sourceTree = "<group>"; };
		42D0BF0A1E63D9EF0059F57B /* AppDelegate.m */ = {isa = PBXFileReference; lastKnownFileType = sourcecode.c.objc; path = AppDelegate.m; sourceTree = "<group>"; };
		42D0BF101E63D9EF0059F57B /* Base */ = {isa = PBXFileReference; lastKnownFileType = file.storyboard; name = Base; path = Base.lproj/Main.storyboard; sourceTree = "<group>"; };
		42D0BF121E63D9EF0059F57B /* Assets.xcassets */ = {isa = PBXFileReference; lastKnownFileType = folder.assetcatalog; path = Assets.xcassets; sourceTree = "<group>"; };
		42D0BF151E63D9EF0059F57B /* Base */ = {isa = PBXFileReference; lastKnownFileType = file.storyboard; name = Base; path = Base.lproj/LaunchScreen.storyboard; sourceTree = "<group>"; };
		42D0BF171E63D9EF0059F57B /* Info.plist */ = {isa = PBXFileReference; lastKnownFileType = text.plist.xml; path = Info.plist; sourceTree = "<group>"; };
		42D0BF1C1E63D9EF0059F57B /* JLBlurImageTests.xctest */ = {isa = PBXFileReference; explicitFileType = wrapper.cfbundle; includeInIndex = 0; path = JLBlurImageTests.xctest; sourceTree = BUILT_PRODUCTS_DIR; };
		42D0BF201E63D9EF0059F57B /* JLBlurImageTests.m */ = {isa = PBXFileReference; lastKnownFileType = sourcecode.c.objc; path = JLBlurImageTests.m; sourceTree = "<group>"; };
		42D0BF221E63D9EF0059F57B /* Info.plist */ = {isa = PBXFileReference; lastKnownFileType = text.plist.xml; path = Info.plist; sourceTree = "<group>"; };
		42D0BF271E63D9EF0059F57B /* JLBlurImageUITests.xctest */ = {isa = PBXFileReference; explicitFileType = wrapper.cfbundle; includeInIndex = 0; path = JLBlurImageUITests.xctest; sourceTree = BUILT_PRODUCTS_DIR; };
		42D0BF2B1E63D9EF0059F57B /* JLBlurImageUITests.m */ = {isa = PBXFileReference; lastKnownFileType = sourcecode.c.objc; path = JLBlurImageUITests.m; sourceTree = "<group>"; };
		42D0BF2D1E63D9EF0059F57B /* Info.plist */ = {isa = PBXFileReference; lastKnownFileType = text.plist.xml; path = Info.plist; sourceTree = "<group>"; };
		42D0BF391E63DA090059F57B /* ViewController.h */ = {isa = PBXFileReference; fileEncoding = 4; lastKnownFileType = sourcecode.c.h; path = ViewController.h; sourceTree = "<group>"; };
		42D0BF3A1E63DA090059F57B /* ViewController.m */ = {isa = PBXFileReference; fileEncoding = 4; lastKnownFileType = sourcecode.c.objc; path = ViewController.m; sourceTree = "<group>"; };
		42D0BF3C1E63DA650059F57B /* Aktun.jpg */ = {isa = PBXFileReference; lastKnownFileType = image.jpeg; path = Aktun.jpg; sourceTree = "<group>"; };
/* End PBXFileReference section */

/* Begin PBXFrameworksBuildPhase section */
		42D0BF001E63D9EF0059F57B /* Frameworks */ = {
			isa = PBXFrameworksBuildPhase;
			buildActionMask = 2147483647;
			files = (
			);
			runOnlyForDeploymentPostprocessing = 0;
		};
		42D0BF191E63D9EF0059F57B /* Frameworks */ = {
			isa = PBXFrameworksBuildPhase;
			buildActionMask = 2147483647;
			files = (
			);
			runOnlyForDeploymentPostprocessing = 0;
		};
		42D0BF241E63D9EF0059F57B /* Frameworks */ = {
			isa = PBXFrameworksBuildPhase;
			buildActionMask = 2147483647;
			files = (
			);
			runOnlyForDeploymentPostprocessing = 0;
		};
/* End PBXFrameworksBuildPhase section */

/* Begin PBXGroup section */
		42D0BEFA1E63D9EF0059F57B = {
			isa = PBXGroup;
			children = (
				42D0BF051E63D9EF0059F57B /* JLBlurImage */,
				42D0BF1F1E63D9EF0059F57B /* JLBlurImageTests */,
				42D0BF2A1E63D9EF0059F57B /* JLBlurImageUITests */,
				42D0BF041E63D9EF0059F57B /* Products */,
			);
			sourceTree = "<group>";
		};
		42D0BF041E63D9EF0059F57B /* Products */ = {
			isa = PBXGroup;
			children = (
				42D0BF031E63D9EF0059F57B /* JLBlurImage.app */,
				42D0BF1C1E63D9EF0059F57B /* JLBlurImageTests.xctest */,
				42D0BF271E63D9EF0059F57B /* JLBlurImageUITests.xctest */,
			);
			name = Products;
			sourceTree = "<group>";
		};
		42D0BF051E63D9EF0059F57B /* JLBlurImage */ = {
			isa = PBXGroup;
			children = (
				42D0BF3C1E63DA650059F57B /* Aktun.jpg */,
				42D0BF091E63D9EF0059F57B /* AppDelegate.h */,
				42D0BF0A1E63D9EF0059F57B /* AppDelegate.m */,
				42D0BF391E63DA090059F57B /* ViewController.h */,
				42D0BF3A1E63DA090059F57B /* ViewController.m */,
				42D0BF0F1E63D9EF0059F57B /* Main.storyboard */,
				42D0BF121E63D9EF0059F57B /* Assets.xcassets */,
				42D0BF141E63D9EF0059F57B /* LaunchScreen.storyboard */,
				42D0BF171E63D9EF0059F57B /* Info.plist */,
				42D0BF061E63D9EF0059F57B /* Supporting Files */,
			);
			path = JLBlurImage;
			sourceTree = "<group>";
		};
		42D0BF061E63D9EF0059F57B /* Supporting Files */ = {
			isa = PBXGroup;
			children = (
				42D0BF071E63D9EF0059F57B /* main.m */,
			);
			name = "Supporting Files";
			sourceTree = "<group>";
		};
		42D0BF1F1E63D9EF0059F57B /* JLBlurImageTests */ = {
			isa = PBXGroup;
			children = (
				42D0BF201E63D9EF0059F57B /* JLBlurImageTests.m */,
				42D0BF221E63D9EF0059F57B /* Info.plist */,
			);
			path = JLBlurImageTests;
			sourceTree = "<group>";
		};
		42D0BF2A1E63D9EF0059F57B /* JLBlurImageUITests */ = {
			isa = PBXGroup;
			children = (
				42D0BF2B1E63D9EF0059F57B /* JLBlurImageUITests.m */,
				42D0BF2D1E63D9EF0059F57B /* Info.plist */,
			);
			path = JLBlurImageUITests;
			sourceTree = "<group>";
		};
/* End PBXGroup section */

/* Begin PBXNativeTarget section */
		42D0BF021E63D9EF0059F57B /* JLBlurImage */ = {
			isa = PBXNativeTarget;
			buildConfigurationList = 42D0BF301E63D9EF0059F57B /* Build configuration list for PBXNativeTarget "JLBlurImage" */;
			buildPhases = (
				42D0BEFF1E63D9EF0059F57B /* Sources */,
				42D0BF001E63D9EF0059F57B /* Frameworks */,
				42D0BF011E63D9EF0059F57B /* Resources */,
			);
			buildRules = (
			);
			dependencies = (
			);
			name = JLBlurImage;
			productName = JLBlurImage;
			productReference = 42D0BF031E63D9EF0059F57B /* JLBlurImage.app */;
			productType = "com.apple.product-type.application";
		};
		42D0BF1B1E63D9EF0059F57B /* JLBlurImageTests */ = {
			isa = PBXNativeTarget;
			buildConfigurationList = 42D0BF331E63D9EF0059F57B /* Build configuration list for PBXNativeTarget "JLBlurImageTests" */;
			buildPhases = (
				42D0BF181E63D9EF0059F57B /* Sources */,
				42D0BF191E63D9EF0059F57B /* Frameworks */,
				42D0BF1A1E63D9EF0059F57B /* Resources */,
			);
			buildRules = (
			);
			dependencies = (
				42D0BF1E1E63D9EF0059F57B /* PBXTargetDependency */,
			);
			name = JLBlurImageTests;
			productName = JLBlurImageTests;
			productReference = 42D0BF1C1E63D9EF0059F57B /* JLBlurImageTests.xctest */;
			productType = "com.apple.product-type.bundle.unit-test";
		};
		42D0BF261E63D9EF0059F57B /* JLBlurImageUITests */ = {
			isa = PBXNativeTarget;
			buildConfigurationList = 42D0BF361E63D9EF0059F57B /* Build configuration list for PBXNativeTarget "JLBlurImageUITests" */;
			buildPhases = (
				42D0BF231E63D9EF0059F57B /* Sources */,
				42D0BF241E63D9EF0059F57B /* Frameworks */,
				42D0BF251E63D9EF0059F57B /* Resources */,
			);
			buildRules = (
			);
			dependencies = (
				42D0BF291E63D9EF0059F57B /* PBXTargetDependency */,
			);
			name = JLBlurImageUITests;
			productName = JLBlurImageUITests;
			productReference = 42D0BF271E63D9EF0059F57B /* JLBlurImageUITests.xctest */;
			productType = "com.apple.product-type.bundle.ui-testing";
		};
/* End PBXNativeTarget section */

/* Begin PBXProject section */
		42D0BEFB1E63D9EF0059F57B /* Project object */ = {
			isa = PBXProject;
			attributes = {
				LastUpgradeCheck = 0820;
				ORGANIZATIONNAME = mini1;
				TargetAttributes = {
					42D0BF021E63D9EF0059F57B = {
						CreatedOnToolsVersion = 8.2.1;
						DevelopmentTeam = XSA9NF85PE;
						ProvisioningStyle = Automatic;
					};
					42D0BF1B1E63D9EF0059F57B = {
						CreatedOnToolsVersion = 8.2.1;
						ProvisioningStyle = Automatic;
						TestTargetID = 42D0BF021E63D9EF0059F57B;
					};
					42D0BF261E63D9EF0059F57B = {
						CreatedOnToolsVersion = 8.2.1;
						ProvisioningStyle = Automatic;
						TestTargetID = 42D0BF021E63D9EF0059F57B;
					};
				};
			};
			buildConfigurationList = 42D0BEFE1E63D9EF0059F57B /* Build configuration list for PBXProject "JLBlurImage" */;
			compatibilityVersion = "Xcode 3.2";
			developmentRegion = English;
			hasScannedForEncodings = 0;
			knownRegions = (
				en,
				Base,
			);
			mainGroup = 42D0BEFA1E63D9EF0059F57B;
			productRefGroup = 42D0BF041E63D9EF0059F57B /* Products */;
			projectDirPath = "";
			projectRoot = "";
			targets = (
				42D0BF021E63D9EF0059F57B /* JLBlurImage */,
				42D0BF1B1E63D9EF0059F57B /* JLBlurImageTests */,
				42D0BF261E63D9EF0059F57B /* JLBlurImageUITests */,
			);
		};
/* End PBXProject section */

/* Begin PBXResourcesBuildPhase section */
		42D0BF011E63D9EF0059F57B /* Resources */ = {
			isa = PBXResourcesBuildPhase;
			buildActionMask = 2147483647;
			files = (
				42D0BF161E63D9EF0059F57B /* LaunchScreen.storyboard in Resources */,
				42D0BF131E63D9EF0059F57B /* Assets.xcassets in Resources */,
				42D0BF111E63D9EF0059F57B /* Main.storyboard in Resources */,
				42D0BF3D1E63DA650059F57B /* Aktun.jpg in Resources */,
			);
			runOnlyForDeploymentPostprocessing = 0;
		};
		42D0BF1A1E63D9EF0059F57B /* Resources */ = {
			isa = PBXResourcesBuildPhase;
			buildActionMask = 2147483647;
			files = (
			);
			runOnlyForDeploymentPostprocessing = 0;
		};
		42D0BF251E63D9EF0059F57B /* Resources */ = {
			isa = PBXResourcesBuildPhase;
			buildActionMask = 2147483647;
			files = (
			);
			runOnlyForDeploymentPostprocessing = 0;
		};
/* End PBXResourcesBuildPhase section */

/* Begin PBXSourcesBuildPhase section */
		42D0BEFF1E63D9EF0059F57B /* Sources */ = {
			isa = PBXSourcesBuildPhase;
			buildActionMask = 2147483647;
			files = (
				42D0BF3B1E63DA090059F57B /* ViewController.m in Sources */,
				42D0BF0B1E63D9EF0059F57B /* AppDelegate.m in Sources */,
				42D0BF081E63D9EF0059F57B /* main.m in Sources */,
			);
			runOnlyForDeploymentPostprocessing = 0;
		};
		42D0BF181E63D9EF0059F57B /* Sources */ = {
			isa = PBXSourcesBuildPhase;
			buildActionMask = 2147483647;
			files = (
				42D0BF211E63D9EF0059F57B /* JLBlurImageTests.m in Sources */,
			);
			runOnlyForDeploymentPostprocessing = 0;
		};
		42D0BF231E63D9EF0059F57B /* Sources */ = {
			isa = PBXSourcesBuildPhase;
			buildActionMask = 2147483647;
			files = (
				42D0BF2C1E63D9EF0059F57B /* JLBlurImageUITests.m in Sources */,
			);
			runOnlyForDeploymentPostprocessing = 0;
		};
/* End PBXSourcesBuildPhase section */

/* Begin PBXTargetDependency section */
		42D0BF1E1E63D9EF0059F57B /* PBXTargetDependency */ = {
			isa = PBXTargetDependency;
			target = 42D0BF021E63D9EF0059F57B /* JLBlurImage */;
			targetProxy = 42D0BF1D1E63D9EF0059F57B /* PBXContainerItemProxy */;
		};
		42D0BF291E63D9EF0059F57B /* PBXTargetDependency */ = {
			isa = PBXTargetDependency;
			target = 42D0BF021E63D9EF0059F57B /* JLBlurImage */;
			targetProxy = 42D0BF281E63D9EF0059F57B /* PBXContainerItemProxy */;
		};
/* End PBXTargetDependency section */

/* Begin PBXVariantGroup section */
		42D0BF0F1E63D9EF0059F57B /* Main.storyboard */ = {
			isa = PBXVariantGroup;
			children = (
				42D0BF101E63D9EF0059F57B /* Base */,
			);
			name = Main.storyboard;
			sourceTree = "<group>";
		};
		42D0BF141E63D9EF0059F57B /* LaunchScreen.storyboard */ = {
			isa = PBXVariantGroup;
			children = (
				42D0BF151E63D9EF0059F57B /* Base */,
			);
			name = LaunchScreen.storyboard;
			sourceTree = "<group>";
		};
/* End PBXVariantGroup section */

/* Begin XCBuildConfiguration section */
		42D0BF2E1E63D9EF0059F57B /* Debug */ = {
			isa = XCBuildConfiguration;
			buildSettings = {
				ALWAYS_SEARCH_USER_PATHS = NO;
				CLANG_ANALYZER_NONNULL = YES;
				CLANG_CXX_LANGUAGE_STANDARD = "gnu++0x";
				CLANG_CXX_LIBRARY = "libc++";
				CLANG_ENABLE_MODULES = YES;
				CLANG_ENABLE_OBJC_ARC = YES;
				CLANG_WARN_BOOL_CONVERSION = YES;
				CLANG_WARN_CONSTANT_CONVERSION = YES;
				CLANG_WARN_DIRECT_OBJC_ISA_USAGE = YES_ERROR;
				CLANG_WARN_DOCUMENTATION_COMMENTS = YES;
				CLANG_WARN_EMPTY_BODY = YES;
				CLANG_WARN_ENUM_CONVERSION = YES;
				CLANG_WARN_INFINITE_RECURSION = YES;
				CLANG_WARN_INT_CONVERSION = YES;
				CLANG_WARN_OBJC_ROOT_CLASS = YES_ERROR;
				CLANG_WARN_SUSPICIOUS_MOVE = YES;
				CLANG_WARN_UNREACHABLE_CODE = YES;
				CLANG_WARN__DUPLICATE_METHOD_MATCH = YES;
				"CODE_SIGN_IDENTITY[sdk=iphoneos*]" = "iPhone Developer";
				COPY_PHASE_STRIP = NO;
				DEBUG_INFORMATION_FORMAT = dwarf;
				ENABLE_STRICT_OBJC_MSGSEND = YES;
				ENABLE_TESTABILITY = YES;
				GCC_C_LANGUAGE_STANDARD = gnu99;
				GCC_DYNAMIC_NO_PIC = NO;
				GCC_NO_COMMON_BLOCKS = YES;
				GCC_OPTIMIZATION_LEVEL = 0;
				GCC_PREPROCESSOR_DEFINITIONS = (
					"DEBUG=1",
					"$(inherited)",
				);
				GCC_WARN_64_TO_32_BIT_CONVERSION = YES;
				GCC_WARN_ABOUT_RETURN_TYPE = YES_ERROR;
				GCC_WARN_UNDECLARED_SELECTOR = YES;
				GCC_WARN_UNINITIALIZED_AUTOS = YES_AGGRESSIVE;
				GCC_WARN_UNUSED_FUNCTION = YES;
				GCC_WARN_UNUSED_VARIABLE = YES;
				IPHONEOS_DEPLOYMENT_TARGET = 10.2;
				MTL_ENABLE_DEBUG_INFO = YES;
				ONLY_ACTIVE_ARCH = YES;
				SDKROOT = iphoneos;
				TARGETED_DEVICE_FAMILY = "1,2";
			};
			name = Debug;
		};
		42D0BF2F1E63D9EF0059F57B /* Release */ = {
			isa = XCBuildConfiguration;
			buildSettings = {
				ALWAYS_SEARCH_USER_PATHS = NO;
				CLANG_ANALYZER_NONNULL = YES;
				CLANG_CXX_LANGUAGE_STANDARD = "gnu++0x";
				CLANG_CXX_LIBRARY = "libc++";
				CLANG_ENABLE_MODULES = YES;
				CLANG_ENABLE_OBJC_ARC = YES;
				CLANG_WARN_BOOL_CONVERSION = YES;
				CLANG_WARN_CONSTANT_CONVERSION = YES;
				CLANG_WARN_DIRECT_OBJC_ISA_USAGE = YES_ERROR;
				CLANG_WARN_DOCUMENTATION_COMMENTS = YES;
				CLANG_WARN_EMPTY_BODY = YES;
				CLANG_WARN_ENUM_CONVERSION = YES;
				CLANG_WARN_INFINITE_RECURSION = YES;
				CLANG_WARN_INT_CONVERSION = YES;
				CLANG_WARN_OBJC_ROOT_CLASS = YES_ERROR;
				CLANG_WARN_SUSPICIOUS_MOVE = YES;
				CLANG_WARN_UNREACHABLE_CODE = YES;
				CLANG_WARN__DUPLICATE_METHOD_MATCH = YES;
				"CODE_SIGN_IDENTITY[sdk=iphoneos*]" = "iPhone Developer";
				COPY_PHASE_STRIP = NO;
				DEBUG_INFORMATION_FORMAT = "dwarf-with-dsym";
				ENABLE_NS_ASSERTIONS = NO;
				ENABLE_STRICT_OBJC_MSGSEND = YES;
				GCC_C_LANGUAGE_STANDARD = gnu99;
				GCC_NO_COMMON_BLOCKS = YES;
				GCC_WARN_64_TO_32_BIT_CONVERSION = YES;
				GCC_WARN_ABOUT_RETURN_TYPE = YES_ERROR;
				GCC_WARN_UNDECLARED_SELECTOR = YES;
				GCC_WARN_UNINITIALIZED_AUTOS = YES_AGGRESSIVE;
				GCC_WARN_UNUSED_FUNCTION = YES;
				GCC_WARN_UNUSED_VARIABLE = YES;
				IPHONEOS_DEPLOYMENT_TARGET = 10.2;
				MTL_ENABLE_DEBUG_INFO = NO;
				SDKROOT = iphoneos;
				TARGETED_DEVICE_FAMILY = "1,2";
				VALIDATE_PRODUCT = YES;
			};
			name = Release;
		};
		42D0BF311E63D9EF0059F57B /* Debug */ = {
			isa = XCBuildConfiguration;
			buildSettings = {
				ASSETCATALOG_COMPILER_APPICON_NAME = AppIcon;
				DEVELOPMENT_TEAM = XSA9NF85PE;
				INFOPLIST_FILE = JLBlurImage/Info.plist;
				IPHONEOS_DEPLOYMENT_TARGET = 8.1;
				LD_RUNPATH_SEARCH_PATHS = "$(inherited) @executable_path/Frameworks";
				PRODUCT_BUNDLE_IDENTIFIER = mini1.JLBlurImage;
				PRODUCT_NAME = "$(TARGET_NAME)";
			};
			name = Debug;
		};
		42D0BF321E63D9EF0059F57B /* Release */ = {
			isa = XCBuildConfiguration;
			buildSettings = {
				ASSETCATALOG_COMPILER_APPICON_NAME = AppIcon;
				DEVELOPMENT_TEAM = XSA9NF85PE;
				INFOPLIST_FILE = JLBlurImage/Info.plist;
				IPHONEOS_DEPLOYMENT_TARGET = 8.1;
				LD_RUNPATH_SEARCH_PATHS = "$(inherited) @executable_path/Frameworks";
				PRODUCT_BUNDLE_IDENTIFIER = mini1.JLBlurImage;
				PRODUCT_NAME = "$(TARGET_NAME)";
			};
			name = Release;
		};
		42D0BF341E63D9EF0059F57B /* Debug */ = {
			isa = XCBuildConfiguration;
			buildSettings = {
				BUNDLE_LOADER = "$(TEST_HOST)";
				INFOPLIST_FILE = JLBlurImageTests/Info.plist;
				LD_RUNPATH_SEARCH_PATHS = "$(inherited) @executable_path/Frameworks @loader_path/Frameworks";
				PRODUCT_BUNDLE_IDENTIFIER = mini1.JLBlurImageTests;
				PRODUCT_NAME = "$(TARGET_NAME)";
				TEST_HOST = "$(BUILT_PRODUCTS_DIR)/JLBlurImage.app/JLBlurImage";
			};
			name = Debug;
		};
		42D0BF351E63D9EF0059F57B /* Release */ = {
			isa = XCBuildConfiguration;
			buildSettings = {
				BUNDLE_LOADER = "$(TEST_HOST)";
				INFOPLIST_FILE = JLBlurImageTests/Info.plist;
				LD_RUNPATH_SEARCH_PATHS = "$(inherited) @executable_path/Frameworks @loader_path/Frameworks";
				PRODUCT_BUNDLE_IDENTIFIER = mini1.JLBlurImageTests;
				PRODUCT_NAME = "$(TARGET_NAME)";
				TEST_HOST = "$(BUILT_PRODUCTS_DIR)/JLBlurImage.app/JLBlurImage";
			};
			name = Release;
		};
		42D0BF371E63D9EF0059F57B /* Debug */ = {
			isa = XCBuildConfiguration;
			buildSettings = {
				INFOPLIST_FILE = JLBlurImageUITests/Info.plist;
				LD_RUNPATH_SEARCH_PATHS = "$(inherited) @executable_path/Frameworks @loader_path/Frameworks";
				PRODUCT_BUNDLE_IDENTIFIER = mini1.JLBlurImageUITests;
				PRODUCT_NAME = "$(TARGET_NAME)";
				TEST_TARGET_NAME = JLBlurImage;
			};
			name = Debug;
		};
		42D0BF381E63D9EF0059F57B /* Release */ = {
			isa = XCBuildConfiguration;
			buildSettings = {
				INFOPLIST_FILE = JLBlurImageUITests/Info.plist;
				LD_RUNPATH_SEARCH_PATHS = "$(inherited) @executable_path/Frameworks @loader_path/Frameworks";
				PRODUCT_BUNDLE_IDENTIFIER = mini1.JLBlurImageUITests;
				PRODUCT_NAME = "$(TARGET_NAME)";
				TEST_TARGET_NAME = JLBlurImage;
			};
			name = Release;
		};
/* End XCBuildConfiguration section */

/* Begin XCConfigurationList section */
		42D0BEFE1E63D9EF0059F57B /* Build configuration list for PBXProject "JLBlurImage" */ = {
			isa = XCConfigurationList;
			buildConfigurations = (
				42D0BF2E1E63D9EF0059F57B /* Debug */,
				42D0BF2F1E63D9EF0059F57B /* Release */,
			);
			defaultConfigurationIsVisible = 0;
			defaultConfigurationName = Release;
		};
		42D0BF301E63D9EF0059F57B /* Build configuration list for PBXNativeTarget "JLBlurImage" */ = {
			isa = XCConfigurationList;
			buildConfigurations = (
				42D0BF311E63D9EF0059F57B /* Debug */,
				42D0BF321E63D9EF0059F57B /* Release */,
			);
			defaultConfigurationIsVisible = 0;
		};
		42D0BF331E63D9EF0059F57B /* Build configuration list for PBXNativeTarget "JLBlurImageTests" */ = {
			isa = XCConfigurationList;
			buildConfigurations = (
				42D0BF341E63D9EF0059F57B /* Debug */,
				42D0BF351E63D9EF0059F57B /* Release */,
			);
			defaultConfigurationIsVisible = 0;
		};
		42D0BF361E63D9EF0059F57B /* Build configuration list for PBXNativeTarget "JLBlurImageUITests" */ = {
			isa = XCConfigurationList;
			buildConfigurations = (
				42D0BF371E63D9EF0059F57B /* Debug */,
				42D0BF381E63D9EF0059F57B /* Release */,
			);
			defaultConfigurationIsVisible = 0;
		};
/* End XCConfigurationList section */
	};
	rootObject = 42D0BEFB1E63D9EF0059F57B /* Project object */;
}
